
Microsoft Visual Studio Solution File, Format Version 12.00
# Visual Studio Version 16
VisualStudioVersion = 16.0.33529.622
MinimumVisualStudioVersion = 10.0.40219.1
Project("{FAE04EC0-301F-11D3-BF4B-00C04F79EFBC}") = "UcitavanjePodata", "UcitavanjePodata\UcitavanjePodata.csproj", "{65238E6D-2F9E-4D09-9157-8658DEF4B973}"
EndProject
Project("{FAE04EC0-301F-11D3-BF4B-00C04F79EFBC}") = "IspisPodataka", "IspisPodataka\IspisPodataka.csproj", "{752D6860-3438-4D80-B25F-5095F7AF7CFC}"
EndProject
Project("{FAE04EC0-301F-11D3-BF4B-00C04F79EFBC}") = "EvidencijaPodrucja", "EvidencijaPodrucja\EvidencijaPodrucja.csproj", "{6DF12905-7631-4EC9-AE1E-E88CE8E9E878}"
EndProject
Global
	GlobalSection(SolutionConfigurationPlatforms) = preSolution
		Debug|Any CPU = Debug|Any CPU
		Release|Any CPU = Release|Any CPU
	EndGlobalSection
	GlobalSection(ProjectConfigurationPlatforms) = postSolution
		{65238E6D-2F9E-4D09-9157-8658DEF4B973}.Debug|Any CPU.ActiveCfg = Debug|Any CPU
		{65238E6D-2F9E-4D09-9157-8658DEF4B973}.Debug|Any CPU.Build.0 = Debug|Any CPU
		{65238E6D-2F9E-4D09-9157-8658DEF4B973}.Release|Any CPU.ActiveCfg = Release|Any CPU
		{65238E6D-2F9E-4D09-9157-8658DEF4B973}.Release|Any CPU.Build.0 = Release|Any CPU
		{752D6860-3438-4D80-B25F-5095F7AF7CFC}.Debug|Any CPU.ActiveCfg = Debug|Any CPU
		{752D6860-3438-4D80-B25F-5095F7AF7CFC}.Debug|Any CPU.Build.0 = Debug|Any CPU
		{752D6860-3438-4D80-B25F-5095F7AF7CFC}.Release|Any CPU.ActiveCfg = Release|Any CPU
		{752D6860-3438-4D80-B25F-5095F7AF7CFC}.Release|Any CPU.Build.0 = Release|Any CPU
		{6DF12905-7631-4EC9-AE1E-E88CE8E9E878}.Debug|Any CPU.ActiveCfg = Debug|Any CPU
		{6DF12905-7631-4EC9-AE1E-E88CE8E9E878}.Debug|Any CPU.Build.0 = Debug|Any CPU
		{6DF12905-7631-4EC9-AE1E-E88CE8E9E878}.Release|Any CPU.ActiveCfg = Release|Any CPU
		{6DF12905-7631-4EC9-AE1E-E88CE8E9E878}.Release|Any CPU.Build.0 = Release|Any CPU
	EndGlobalSection
	GlobalSection(SolutionProperties) = preSolution
		HideSolutionNode = FALSE
	EndGlobalSection
	GlobalSection(ExtensibilityGlobals) = postSolution
		SolutionGuid = {93D74DF0-5F21-402C-A5C4-8A995BCFFEA1}
	EndGlobalSection
EndGlobal
